
Microsoft Visual Studio Solution File, Format Version 12.00
# Visual Studio Version 16
VisualStudioVersion = 16.0.31624.102
MinimumVisualStudioVersion = 10.0.40219.1
Project("{FAE04EC0-301F-11D3-BF4B-00C04F79EFBC}") = "MathSharp", "MathSharp\MathSharp.csproj", "{49DFFB35-7E74-47E0-BEBF-DBE4FCA24B08}"
EndProject
Global
	GlobalSection(SolutionConfigurationPlatforms) = preSolution
		Debug|Any CPU = Debug|Any CPU
		Release|Any CPU = Release|Any CPU
	EndGlobalSection
	GlobalSection(ProjectConfigurationPlatforms) = postSolution
		{49DFFB35-7E74-47E0-BEBF-DBE4FCA24B08}.Debug|Any CPU.ActiveCfg = Debug|Any CPU
		{49DFFB35-7E74-47E0-BEBF-DBE4FCA24B08}.Debug|Any CPU.Build.0 = Debug|Any CPU
		{49DFFB35-7E74-47E0-BEBF-DBE4FCA24B08}.Release|Any CPU.ActiveCfg = Release|Any CPU
		{49DFFB35-7E74-47E0-BEBF-DBE4FCA24B08}.Release|Any CPU.Build.0 = Release|Any CPU
	EndGlobalSection
	GlobalSection(SolutionProperties) = preSolution
		HideSolutionNode = FALSE
	EndGlobalSection
	GlobalSection(ExtensibilityGlobals) = postSolution
		SolutionGuid = {C4481BF6-4D6E-444F-BA46-7C5B7E9BD8EE}
	EndGlobalSection
EndGlobal
